
Microsoft Visual Studio Solution File, Format Version 12.00
# Visual Studio Version 17
VisualStudioVersion = 17.2.32616.157
MinimumVisualStudioVersion = 10.0.40219.1
Project("{9A19103F-16F7-4668-BE54-9A1E7A4F7556}") = "RssFeedNotifier", "RssFeedNotifier\RssFeedNotifier.csproj", "{36A8F5BE-568E-4DB7-B1AF-9676841DE105}"
EndProject
Project("{FAE04EC0-301F-11D3-BF4B-00C04F79EFBC}") = "RssFeedNotifierUI", "RssFeedNotifierUI\RssFeedNotifierUI.csproj", "{A5C2678A-D992-4E12-A15B-71C103785FF4}"
EndProject
Global
	GlobalSection(SolutionConfigurationPlatforms) = preSolution
		Debug|Any CPU = Debug|Any CPU
		Release|Any CPU = Release|Any CPU
	EndGlobalSection
	GlobalSection(ProjectConfigurationPlatforms) = postSolution
		{36A8F5BE-568E-4DB7-B1AF-9676841DE105}.Debug|Any CPU.ActiveCfg = Debug|Any CPU
		{36A8F5BE-568E-4DB7-B1AF-9676841DE105}.Debug|Any CPU.Build.0 = Debug|Any CPU
		{36A8F5BE-568E-4DB7-B1AF-9676841DE105}.Release|Any CPU.ActiveCfg = Release|Any CPU
		{36A8F5BE-568E-4DB7-B1AF-9676841DE105}.Release|Any CPU.Build.0 = Release|Any CPU
		{A5C2678A-D992-4E12-A15B-71C103785FF4}.Debug|Any CPU.ActiveCfg = Debug|Any CPU
		{A5C2678A-D992-4E12-A15B-71C103785FF4}.Debug|Any CPU.Build.0 = Debug|Any CPU
		{A5C2678A-D992-4E12-A15B-71C103785FF4}.Release|Any CPU.ActiveCfg = Release|Any CPU
		{A5C2678A-D992-4E12-A15B-71C103785FF4}.Release|Any CPU.Build.0 = Release|Any CPU
	EndGlobalSection
	GlobalSection(SolutionProperties) = preSolution
		HideSolutionNode = FALSE
	EndGlobalSection
	GlobalSection(ExtensibilityGlobals) = postSolution
		SolutionGuid = {75AED04A-0E01-4452-8CCD-9AD66262844B}
	EndGlobalSection
EndGlobal
